PODS:
  - Tetris/Core (0.1.0)
  - Tetris/Swift (0.1.0):
    - Tetris/Core

DEPENDENCIES:
  - Tetris/Swift (from `../`)

EXTERNAL SOURCES:
  Tetris:
    :path: "../"

SPEC CHECKSUMS:
  Tetris: a796d96fb15b4c59c7e8bb5a20877a4ba993e7d0

PODFILE CHECKSUM: 7b3b1b201158854fa27012cf9d3e98a38229b2f1

COCOAPODS: 1.5.3
