PODS:
  - RxSwift (4.3.1)
  - Tetris/Core (0.1.0)
  - Tetris/Rx (0.1.0):
    - RxSwift (~> 4.3.1)
    - Tetris/Swift
  - Tetris/Swift (0.1.0):
    - Tetris/Core

DEPENDENCIES:
  - Tetris/Rx (from `../`)

SPEC REPOS:
  https://github.com/cocoapods/specs.git:
    - RxSwift

EXTERNAL SOURCES:
  Tetris:
    :path: "../"

SPEC CHECKSUMS:
  RxSwift: fe0fd770a43acdb7d0a53da411c9b892e69bb6e4
  Tetris: e669e08b59e84d73a1475e44000213bf8652930e

PODFILE CHECKSUM: db79522b23e11c156b463d4769770dcb11112ba3

COCOAPODS: 1.5.3
