PODS:
  - Tetris/Core (0.1.0)
  - Tetris/Swift (0.1.0):
    - Tetris/Core

DEPENDENCIES:
  - Tetris/Swift (from `../`)

EXTERNAL SOURCES:
  Tetris:
    :path: "../"

SPEC CHECKSUMS:
  Tetris: a796d96fb15b4c59c7e8bb5a20877a4ba993e7d0

PODFILE CHECKSUM: da11ac83d87abaf0a302ae7f87c8e705bd1b30b5

COCOAPODS: 1.5.3
