// !$*UTF8*$!
{
	archiveVersion = 1;
	classes = {
	};
	objectVersion = 46;
	objects = {

/* Begin PBXBuildFile section */
		092B307A2160A32E00016B71 /* TSStreamTests.m in Sources */ = {isa = PBXBuildFile; fileRef = 092B30792160A32E00016B71 /* TSStreamTests.m */; };
		093F5D18215F1E68008245C9 /* TSDemoModules.m in Sources */ = {isa = PBXBuildFile; fileRef = 093F5D17215F1E68008245C9 /* TSDemoModules.m */; };
		093F5D1A215F2361008245C9 /* TSModuleTests.m in Sources */ = {isa = PBXBuildFile; fileRef = 093F5D19215F2361008245C9 /* TSModuleTests.m */; };
		09512CC9215F9583005BC650 /* TSTriggerTests.m in Sources */ = {isa = PBXBuildFile; fileRef = 09512CC8215F9583005BC650 /* TSTriggerTests.m */; };
		096A3426215E08C300EB3845 /* TSServiceTests.m in Sources */ = {isa = PBXBuildFile; fileRef = 096A3425215E08C300EB3845 /* TSServiceTests.m */; };
		09920BA7215DD793001EA870 /* TSTreeTests.m in Sources */ = {isa = PBXBuildFile; fileRef = 09920BA6215DD793001EA870 /* TSTreeTests.m */; };
		09BE3F502163B41400127372 /* RIDemo6ViewController.m in Sources */ = {isa = PBXBuildFile; fileRef = 09BE3F4E2163B41400127372 /* RIDemo6ViewController.m */; };
		09BE3F522163B4E200127372 /* Demo6VC.swift in Sources */ = {isa = PBXBuildFile; fileRef = 09BE3F512163B4E200127372 /* Demo6VC.swift */; };
		0D7B659C966019CC902AA22F /* Pods_Tetris_Tests.framework in Frameworks */ = {isa = PBXBuildFile; fileRef = 5E67BEEDC3A7CB48A93D2A6F /* Pods_Tetris_Tests.framework */; };
		6003F58E195388D20070C39A /* Foundation.framework in Frameworks */ = {isa = PBXBuildFile; fileRef = 6003F58D195388D20070C39A /* Foundation.framework */; };
		6003F590195388D20070C39A /* CoreGraphics.framework in Frameworks */ = {isa = PBXBuildFile; fileRef = 6003F58F195388D20070C39A /* CoreGraphics.framework */; };
		6003F592195388D20070C39A /* UIKit.framework in Frameworks */ = {isa = PBXBuildFile; fileRef = 6003F591195388D20070C39A /* UIKit.framework */; };
		6003F598195388D20070C39A /* InfoPlist.strings in Resources */ = {isa = PBXBuildFile; fileRef = 6003F596195388D20070C39A /* InfoPlist.strings */; };
		6003F59A195388D20070C39A /* main.m in Sources */ = {isa = PBXBuildFile; fileRef = 6003F599195388D20070C39A /* main.m */; };
		6003F59E195388D20070C39A /* TSAppDelegate.m in Sources */ = {isa = PBXBuildFile; fileRef = 6003F59D195388D20070C39A /* TSAppDelegate.m */; };
		6003F5A7195388D20070C39A /* TSViewController.m in Sources */ = {isa = PBXBuildFile; fileRef = 6003F5A6195388D20070C39A /* TSViewController.m */; };
		6003F5A9195388D20070C39A /* Images.xcassets in Resources */ = {isa = PBXBuildFile; fileRef = 6003F5A8195388D20070C39A /* Images.xcassets */; };
		6003F5B0195388D20070C39A /* XCTest.framework in Frameworks */ = {isa = PBXBuildFile; fileRef = 6003F5AF195388D20070C39A /* XCTest.framework */; };
		6003F5B1195388D20070C39A /* Foundation.framework in Frameworks */ = {isa = PBXBuildFile; fileRef = 6003F58D195388D20070C39A /* Foundation.framework */; };
		6003F5B2195388D20070C39A /* UIKit.framework in Frameworks */ = {isa = PBXBuildFile; fileRef = 6003F591195388D20070C39A /* UIKit.framework */; };
		6003F5BA195388D20070C39A /* InfoPlist.strings in Resources */ = {isa = PBXBuildFile; fileRef = 6003F5B8195388D20070C39A /* InfoPlist.strings */; };
		71719F9F1E33DC2100824A3D /* LaunchScreen.storyboard in Resources */ = {isa = PBXBuildFile; fileRef = 71719F9D1E33DC2100824A3D /* LaunchScreen.storyboard */; };
		873B8AEB1B1F5CCA007FD442 /* Main.storyboard in Resources */ = {isa = PBXBuildFile; fileRef = 873B8AEA1B1F5CCA007FD442 /* Main.storyboard */; };
		A81A1FA121622251008E6A57 /* Demo16VC.swift in Sources */ = {isa = PBXBuildFile; fileRef = A81A1FA021622251008E6A57 /* Demo16VC.swift */; };
		A81EC7752161F8F50083FA79 /* Demo4VC.swift in Sources */ = {isa = PBXBuildFile; fileRef = A81EC7742161F8F50083FA79 /* Demo4VC.swift */; };
		A81EC7772161FA0B0083FA79 /* Demo5VC.swift in Sources */ = {isa = PBXBuildFile; fileRef = A81EC7762161FA0B0083FA79 /* Demo5VC.swift */; };
		A84C730B2160F85F00457D69 /* RIBaseViewController.m in Sources */ = {isa = PBXBuildFile; fileRef = A84C73092160F85F00457D69 /* RIBaseViewController.m */; };
		A84C730F2160F8E100457D69 /* RIDemoMenuViewController.m in Sources */ = {isa = PBXBuildFile; fileRef = A84C730E2160F8E100457D69 /* RIDemoMenuViewController.m */; };
		A84C7324216105EC00457D69 /* RIDemo1ViewController.m in Sources */ = {isa = PBXBuildFile; fileRef = A84C7322216105EC00457D69 /* RIDemo1ViewController.m */; };
		A84C7328216106FB00457D69 /* RIDemo2ViewController.m in Sources */ = {isa = PBXBuildFile; fileRef = A84C7327216106FA00457D69 /* RIDemo2ViewController.m */; };
		A84C733021610B8200457D69 /* RIDemo3ViewController.m in Sources */ = {isa = PBXBuildFile; fileRef = A84C732F21610B8200457D69 /* RIDemo3ViewController.m */; };
		A84C733421610C0800457D69 /* RIDemo4ViewController.m in Sources */ = {isa = PBXBuildFile; fileRef = A84C733321610C0800457D69 /* RIDemo4ViewController.m */; };
		A84C733821610C3600457D69 /* RIDemo5ViewController.m in Sources */ = {isa = PBXBuildFile; fileRef = A84C733721610C3600457D69 /* RIDemo5ViewController.m */; };
		A84C73402161217F00457D69 /* RIDemo7ViewController.m in Sources */ = {isa = PBXBuildFile; fileRef = A84C733E2161217F00457D69 /* RIDemo7ViewController.m */; };
		A84C73442161243C00457D69 /* RIDemo8ViewController.m in Sources */ = {isa = PBXBuildFile; fileRef = A84C73422161243C00457D69 /* RIDemo8ViewController.m */; };
		A84C734C2161AF4C00457D69 /* RIDemo9ViewController.m in Sources */ = {isa = PBXBuildFile; fileRef = A84C734A2161AF4C00457D69 /* RIDemo9ViewController.m */; };
		A84C73502161B20A00457D69 /* RIDemo10ViewController.m in Sources */ = {isa = PBXBuildFile; fileRef = A84C734E2161B20900457D69 /* RIDemo10ViewController.m */; };
		A84C73542161B42800457D69 /* RIDemo11ViewController.m in Sources */ = {isa = PBXBuildFile; fileRef = A84C73522161B42800457D69 /* RIDemo11ViewController.m */; };
		A84C73582161B55D00457D69 /* RIDemo12ViewController.m in Sources */ = {isa = PBXBuildFile; fileRef = A84C73572161B55D00457D69 /* RIDemo12ViewController.m */; };
		A84C73602161B5A300457D69 /* RIDemo13ViewController.m in Sources */ = {isa = PBXBuildFile; fileRef = A84C735D2161B5A200457D69 /* RIDemo13ViewController.m */; };
		A84C73612161B5A300457D69 /* MyPushPop.m in Sources */ = {isa = PBXBuildFile; fileRef = A84C735E2161B5A200457D69 /* MyPushPop.m */; };
		A84C73622161B5A300457D69 /* MyPresentDismiss.m in Sources */ = {isa = PBXBuildFile; fileRef = A84C735F2161B5A200457D69 /* MyPresentDismiss.m */; };
		A84C736F2161C51000457D69 /* Demo1VC.swift in Sources */ = {isa = PBXBuildFile; fileRef = A84C736E2161C51000457D69 /* Demo1VC.swift */; };
		A84C73752161D28200457D69 /* BaseVC.swift in Sources */ = {isa = PBXBuildFile; fileRef = A84C73742161D28200457D69 /* BaseVC.swift */; };
		A84C73772161E66D00457D69 /* MenuVC.swift in Sources */ = {isa = PBXBuildFile; fileRef = A84C73762161E66D00457D69 /* MenuVC.swift */; };
		A84C73792161EAA400457D69 /* Demo2VC.swift in Sources */ = {isa = PBXBuildFile; fileRef = A84C73782161EAA400457D69 /* Demo2VC.swift */; };
		A84C737B2161EC6100457D69 /* Demo3VC.swift in Sources */ = {isa = PBXBuildFile; fileRef = A84C737A2161EC6100457D69 /* Demo3VC.swift */; };
		A8ABFC1F2162021700D8D238 /* SwiftModules.swift in Sources */ = {isa = PBXBuildFile; fileRef = A8ABFC1E2162021700D8D238 /* SwiftModules.swift */; };
		FA66EE06F52ABEE9E23FD60F /* Pods_Tetris_Example.framework in Frameworks */ = {isa = PBXBuildFile; fileRef = EBE8E90E4B3480B03DAB0720 /* Pods_Tetris_Example.framework */; };
/* End PBXBuildFile section */

/* Begin PBXContainerItemProxy section */
		6003F5B3195388D20070C39A /* PBXContainerItemProxy */ = {
			isa = PBXContainerItemProxy;
			containerPortal = 6003F582195388D10070C39A /* Project object */;
			proxyType = 1;
			remoteGlobalIDString = 6003F589195388D20070C39A;
			remoteInfo = Tetris;
		};
/* End PBXContainerItemProxy section */

/* Begin PBXFileReference section */
		010242AB6224A33963B53CA1 /* Pods-Tetris_Tests.release.xcconfig */ = {isa = PBXFileReference; includeInIndex = 1; lastKnownFileType = text.xcconfig; name = "Pods-Tetris_Tests.release.xcconfig"; path = "Pods/Target Support Files/Pods-Tetris_Tests/Pods-Tetris_Tests.release.xcconfig"; sourceTree = "<group>"; };
		092B30792160A32E00016B71 /* TSStreamTests.m */ = {isa = PBXFileReference; lastKnownFileType = sourcecode.c.objc; path = TSStreamTests.m; sourceTree = "<group>"; };
		093F5D16215F1E68008245C9 /* TSDemoModules.h */ = {isa = PBXFileReference; lastKnownFileType = sourcecode.c.h; path = TSDemoModules.h; sourceTree = "<group>"; };
		093F5D17215F1E68008245C9 /* TSDemoModules.m */ = {isa = PBXFileReference; lastKnownFileType = sourcecode.c.objc; path = TSDemoModules.m; sourceTree = "<group>"; };
		093F5D19215F2361008245C9 /* TSModuleTests.m */ = {isa = PBXFileReference; lastKnownFileType = sourcecode.c.objc; path = TSModuleTests.m; sourceTree = "<group>"; };
		09512CC8215F9583005BC650 /* TSTriggerTests.m */ = {isa = PBXFileReference; lastKnownFileType = sourcecode.c.objc; path = TSTriggerTests.m; sourceTree = "<group>"; };
		096A3425215E08C300EB3845 /* TSServiceTests.m */ = {isa = PBXFileReference; lastKnownFileType = sourcecode.c.objc; path = TSServiceTests.m; sourceTree = "<group>"; };
		09920BA6215DD793001EA870 /* TSTreeTests.m */ = {isa = PBXFileReference; lastKnownFileType = sourcecode.c.objc; path = TSTreeTests.m; sourceTree = "<group>"; };
		09BE3F4E2163B41400127372 /* RIDemo6ViewController.m */ = {isa = PBXFileReference; fileEncoding = 4; lastKnownFileType = sourcecode.c.objc; path = RIDemo6ViewController.m; sourceTree = "<group>"; };
		09BE3F4F2163B41400127372 /* RIDemo6ViewController.h */ = {isa = PBXFileReference; fileEncoding = 4; lastKnownFileType = sourcecode.c.h; path = RIDemo6ViewController.h; sourceTree = "<group>"; };
		09BE3F512163B4E200127372 /* Demo6VC.swift */ = {isa = PBXFileReference; lastKnownFileType = sourcecode.swift; path = Demo6VC.swift; sourceTree = "<group>"; };
		42FD8BF3BB03BA4F821F885F /* LICENSE */ = {isa = PBXFileReference; includeInIndex = 1; lastKnownFileType = text; name = LICENSE; path = ../LICENSE; sourceTree = "<group>"; };
		5E67BEEDC3A7CB48A93D2A6F /* Pods_Tetris_Tests.framework */ = {isa = PBXFileReference; explicitFileType = wrapper.framework; includeInIndex = 0; path = Pods_Tetris_Tests.framework; sourceTree = BUILT_PRODUCTS_DIR; };
		6003F58A195388D20070C39A /* Tetris_Example.app */ = {isa = PBXFileReference; explicitFileType = wrapper.application; includeInIndex = 0; path = Tetris_Example.app; sourceTree = BUILT_PRODUCTS_DIR; };
		6003F58D195388D20070C39A /* Foundation.framework */ = {isa = PBXFileReference; lastKnownFileType = wrapper.framework; name = Foundation.framework; path = System/Library/Frameworks/Foundation.framework; sourceTree = SDKROOT; };
		6003F58F195388D20070C39A /* CoreGraphics.framework */ = {isa = PBXFileReference; lastKnownFileType = wrapper.framework; name = CoreGraphics.framework; path = System/Library/Frameworks/CoreGraphics.framework; sourceTree = SDKROOT; };
		6003F591195388D20070C39A /* UIKit.framework */ = {isa = PBXFileReference; lastKnownFileType = wrapper.framework; name = UIKit.framework; path = System/Library/Frameworks/UIKit.framework; sourceTree = SDKROOT; };
		6003F595195388D20070C39A /* Tetris-Info.plist */ = {isa = PBXFileReference; lastKnownFileType = text.plist.xml; path = "Tetris-Info.plist"; sourceTree = "<group>"; };
		6003F597195388D20070C39A /* en */ = {isa = PBXFileReference; lastKnownFileType = text.plist.strings; name = en; path = en.lproj/InfoPlist.strings; sourceTree = "<group>"; };
		6003F599195388D20070C39A /* main.m */ = {isa = PBXFileReference; lastKnownFileType = sourcecode.c.objc; path = main.m; sourceTree = "<group>"; };
		6003F59B195388D20070C39A /* Tetris-Prefix.pch */ = {isa = PBXFileReference; lastKnownFileType = sourcecode.c.h; path = "Tetris-Prefix.pch"; sourceTree = "<group>"; };
		6003F59C195388D20070C39A /* TSAppDelegate.h */ = {isa = PBXFileReference; lastKnownFileType = sourcecode.c.h; path = TSAppDelegate.h; sourceTree = "<group>"; };
		6003F59D195388D20070C39A /* TSAppDelegate.m */ = {isa = PBXFileReference; lastKnownFileType = sourcecode.c.objc; path = TSAppDelegate.m; sourceTree = "<group>"; };
		6003F5A5195388D20070C39A /* TSViewController.h */ = {isa = PBXFileReference; lastKnownFileType = sourcecode.c.h; path = TSViewController.h; sourceTree = "<group>"; };
		6003F5A6195388D20070C39A /* TSViewController.m */ = {isa = PBXFileReference; lastKnownFileType = sourcecode.c.objc; path = TSViewController.m; sourceTree = "<group>"; };
		6003F5A8195388D20070C39A /* Images.xcassets */ = {isa = PBXFileReference; lastKnownFileType = folder.assetcatalog; path = Images.xcassets; sourceTree = "<group>"; };
		6003F5AE195388D20070C39A /* Tetris_Tests.xctest */ = {isa = PBXFileReference; explicitFileType = wrapper.cfbundle; includeInIndex = 0; path = Tetris_Tests.xctest; sourceTree = BUILT_PRODUCTS_DIR; };
		6003F5AF195388D20070C39A /* XCTest.framework */ = {isa = PBXFileReference; lastKnownFileType = wrapper.framework; name = XCTest.framework; path = Library/Frameworks/XCTest.framework; sourceTree = DEVELOPER_DIR; };
		6003F5B7195388D20070C39A /* Tests-Info.plist */ = {isa = PBXFileReference; lastKnownFileType = text.plist.xml; path = "Tests-Info.plist"; sourceTree = "<group>"; };
		6003F5B9195388D20070C39A /* en */ = {isa = PBXFileReference; lastKnownFileType = text.plist.strings; name = en; path = en.lproj/InfoPlist.strings; sourceTree = "<group>"; };
		606FC2411953D9B200FFA9A0 /* Tests-Prefix.pch */ = {isa = PBXFileReference; lastKnownFileType = sourcecode.c.h; path = "Tests-Prefix.pch"; sourceTree = "<group>"; };
		71719F9E1E33DC2100824A3D /* Base */ = {isa = PBXFileReference; lastKnownFileType = file.storyboard; name = Base; path = Base.lproj/LaunchScreen.storyboard; sourceTree = "<group>"; };
		8439D5B6D7D9A83944F93D6A /* Tetris.podspec */ = {isa = PBXFileReference; includeInIndex = 1; lastKnownFileType = text; name = Tetris.podspec; path = ../Tetris.podspec; sourceTree = "<group>"; };
		873B8AEA1B1F5CCA007FD442 /* Main.storyboard */ = {isa = PBXFileReference; fileEncoding = 4; lastKnownFileType = file.storyboard; name = Main.storyboard; path = Base.lproj/Main.storyboard; sourceTree = "<group>"; };
		895F8E6333EC1BBC4E486319 /* Pods-Tetris_Example.release.xcconfig */ = {isa = PBXFileReference; includeInIndex = 1; lastKnownFileType = text.xcconfig; name = "Pods-Tetris_Example.release.xcconfig"; path = "Pods/Target Support Files/Pods-Tetris_Example/Pods-Tetris_Example.release.xcconfig"; sourceTree = "<group>"; };
		A81A1FA021622251008E6A57 /* Demo16VC.swift */ = {isa = PBXFileReference; lastKnownFileType = sourcecode.swift; path = Demo16VC.swift; sourceTree = "<group>"; };
		A81EC7742161F8F50083FA79 /* Demo4VC.swift */ = {isa = PBXFileReference; lastKnownFileType = sourcecode.swift; path = Demo4VC.swift; sourceTree = "<group>"; };
		A81EC7762161FA0B0083FA79 /* Demo5VC.swift */ = {isa = PBXFileReference; lastKnownFileType = sourcecode.swift; path = Demo5VC.swift; sourceTree = "<group>"; };
		A84C73092160F85F00457D69 /* RIBaseViewController.m */ = {isa = PBXFileReference; fileEncoding = 4; lastKnownFileType = sourcecode.c.objc; path = RIBaseViewController.m; sourceTree = "<group>"; };
		A84C730A2160F85F00457D69 /* RIBaseViewController.h */ = {isa = PBXFileReference; fileEncoding = 4; lastKnownFileType = sourcecode.c.h; path = RIBaseViewController.h; sourceTree = "<group>"; };
		A84C730D2160F8E100457D69 /* RIDemoMenuViewController.h */ = {isa = PBXFileReference; fileEncoding = 4; lastKnownFileType = sourcecode.c.h; path = RIDemoMenuViewController.h; sourceTree = "<group>"; };
		A84C730E2160F8E100457D69 /* RIDemoMenuViewController.m */ = {isa = PBXFileReference; fileEncoding = 4; lastKnownFileType = sourcecode.c.objc; path = RIDemoMenuViewController.m; sourceTree = "<group>"; };
		A84C7322216105EC00457D69 /* RIDemo1ViewController.m */ = {isa = PBXFileReference; fileEncoding = 4; lastKnownFileType = sourcecode.c.objc; path = RIDemo1ViewController.m; sourceTree = "<group>"; };
		A84C7323216105EC00457D69 /* RIDemo1ViewController.h */ = {isa = PBXFileReference; fileEncoding = 4; lastKnownFileType = sourcecode.c.h; path = RIDemo1ViewController.h; sourceTree = "<group>"; };
		A84C7326216106FA00457D69 /* RIDemo2ViewController.h */ = {isa = PBXFileReference; fileEncoding = 4; lastKnownFileType = sourcecode.c.h; path = RIDemo2ViewController.h; sourceTree = "<group>"; };
		A84C7327216106FA00457D69 /* RIDemo2ViewController.m */ = {isa = PBXFileReference; fileEncoding = 4; lastKnownFileType = sourcecode.c.objc; path = RIDemo2ViewController.m; sourceTree = "<group>"; };
		A84C732E21610B8200457D69 /* RIDemo3ViewController.h */ = {isa = PBXFileReference; fileEncoding = 4; lastKnownFileType = sourcecode.c.h; path = RIDemo3ViewController.h; sourceTree = "<group>"; };
		A84C732F21610B8200457D69 /* RIDemo3ViewController.m */ = {isa = PBXFileReference; fileEncoding = 4; lastKnownFileType = sourcecode.c.objc; path = RIDemo3ViewController.m; sourceTree = "<group>"; };
		A84C733221610C0800457D69 /* RIDemo4ViewController.h */ = {isa = PBXFileReference; fileEncoding = 4; lastKnownFileType = sourcecode.c.h; path = RIDemo4ViewController.h; sourceTree = "<group>"; };
		A84C733321610C0800457D69 /* RIDemo4ViewController.m */ = {isa = PBXFileReference; fileEncoding = 4; lastKnownFileType = sourcecode.c.objc; path = RIDemo4ViewController.m; sourceTree = "<group>"; };
		A84C733621610C3600457D69 /* RIDemo5ViewController.h */ = {isa = PBXFileReference; fileEncoding = 4; lastKnownFileType = sourcecode.c.h; path = RIDemo5ViewController.h; sourceTree = "<group>"; };
		A84C733721610C3600457D69 /* RIDemo5ViewController.m */ = {isa = PBXFileReference; fileEncoding = 4; lastKnownFileType = sourcecode.c.objc; path = RIDemo5ViewController.m; sourceTree = "<group>"; };
		A84C733E2161217F00457D69 /* RIDemo7ViewController.m */ = {isa = PBXFileReference; fileEncoding = 4; lastKnownFileType = sourcecode.c.objc; path = RIDemo7ViewController.m; sourceTree = "<group>"; };
		A84C733F2161217F00457D69 /* RIDemo7ViewController.h */ = {isa = PBXFileReference; fileEncoding = 4; lastKnownFileType = sourcecode.c.h; path = RIDemo7ViewController.h; sourceTree = "<group>"; };
		A84C73422161243C00457D69 /* RIDemo8ViewController.m */ = {isa = PBXFileReference; fileEncoding = 4; lastKnownFileType = sourcecode.c.objc; path = RIDemo8ViewController.m; sourceTree = "<group>"; };
		A84C73432161243C00457D69 /* RIDemo8ViewController.h */ = {isa = PBXFileReference; fileEncoding = 4; lastKnownFileType = sourcecode.c.h; path = RIDemo8ViewController.h; sourceTree = "<group>"; };
		A84C734A2161AF4C00457D69 /* RIDemo9ViewController.m */ = {isa = PBXFileReference; fileEncoding = 4; lastKnownFileType = sourcecode.c.objc; path = RIDemo9ViewController.m; sourceTree = "<group>"; };
		A84C734B2161AF4C00457D69 /* RIDemo9ViewController.h */ = {isa = PBXFileReference; fileEncoding = 4; lastKnownFileType = sourcecode.c.h; path = RIDemo9ViewController.h; sourceTree = "<group>"; };
		A84C734E2161B20900457D69 /* RIDemo10ViewController.m */ = {isa = PBXFileReference; fileEncoding = 4; lastKnownFileType = sourcecode.c.objc; path = RIDemo10ViewController.m; sourceTree = "<group>"; };
		A84C734F2161B20900457D69 /* RIDemo10ViewController.h */ = {isa = PBXFileReference; fileEncoding = 4; lastKnownFileType = sourcecode.c.h; path = RIDemo10ViewController.h; sourceTree = "<group>"; };
		A84C73522161B42800457D69 /* RIDemo11ViewController.m */ = {isa = PBXFileReference; fileEncoding = 4; lastKnownFileType = sourcecode.c.objc; path = RIDemo11ViewController.m; sourceTree = "<group>"; };
		A84C73532161B42800457D69 /* RIDemo11ViewController.h */ = {isa = PBXFileReference; fileEncoding = 4; lastKnownFileType = sourcecode.c.h; path = RIDemo11ViewController.h; sourceTree = "<group>"; };
		A84C73562161B55D00457D69 /* RIDemo12ViewController.h */ = {isa = PBXFileReference; fileEncoding = 4; lastKnownFileType = sourcecode.c.h; path = RIDemo12ViewController.h; sourceTree = "<group>"; };
		A84C73572161B55D00457D69 /* RIDemo12ViewController.m */ = {isa = PBXFileReference; fileEncoding = 4; lastKnownFileType = sourcecode.c.objc; path = RIDemo12ViewController.m; sourceTree = "<group>"; };
		A84C735A2161B5A200457D69 /* MyPushPop.h */ = {isa = PBXFileReference; fileEncoding = 4; lastKnownFileType = sourcecode.c.h; path = MyPushPop.h; sourceTree = "<group>"; };
		A84C735B2161B5A200457D69 /* RIDemo13ViewController.h */ = {isa = PBXFileReference; fileEncoding = 4; lastKnownFileType = sourcecode.c.h; path = RIDemo13ViewController.h; sourceTree = "<group>"; };
		A84C735C2161B5A200457D69 /* MyPresentDismiss.h */ = {isa = PBXFileReference; fileEncoding = 4; lastKnownFileType = sourcecode.c.h; path = MyPresentDismiss.h; sourceTree = "<group>"; };
		A84C735D2161B5A200457D69 /* RIDemo13ViewController.m */ = {isa = PBXFileReference; fileEncoding = 4; lastKnownFileType = sourcecode.c.objc; path = RIDemo13ViewController.m; sourceTree = "<group>"; };
		A84C735E2161B5A200457D69 /* MyPushPop.m */ = {isa = PBXFileReference; fileEncoding = 4; lastKnownFileType = sourcecode.c.objc; path = MyPushPop.m; sourceTree = "<group>"; };
		A84C735F2161B5A200457D69 /* MyPresentDismiss.m */ = {isa = PBXFileReference; fileEncoding = 4; lastKnownFileType = sourcecode.c.objc; path = MyPresentDismiss.m; sourceTree = "<group>"; };
		A84C736B2161C4F900457D69 /* Tetris_Example-Bridging-Header.h */ = {isa = PBXFileReference; lastKnownFileType = sourcecode.c.h; path = "Tetris_Example-Bridging-Header.h"; sourceTree = "<group>"; };
		A84C736E2161C51000457D69 /* Demo1VC.swift */ = {isa = PBXFileReference; lastKnownFileType = sourcecode.swift; path = Demo1VC.swift; sourceTree = "<group>"; };
		A84C73742161D28200457D69 /* BaseVC.swift */ = {isa = PBXFileReference; lastKnownFileType = sourcecode.swift; path = BaseVC.swift; sourceTree = "<group>"; };
		A84C73762161E66D00457D69 /* MenuVC.swift */ = {isa = PBXFileReference; lastKnownFileType = sourcecode.swift; path = MenuVC.swift; sourceTree = "<group>"; };
		A84C73782161EAA400457D69 /* Demo2VC.swift */ = {isa = PBXFileReference; lastKnownFileType = sourcecode.swift; path = Demo2VC.swift; sourceTree = "<group>"; };
		A84C737A2161EC6100457D69 /* Demo3VC.swift */ = {isa = PBXFileReference; lastKnownFileType = sourcecode.swift; path = Demo3VC.swift; sourceTree = "<group>"; };
		A8ABFC1E2162021700D8D238 /* SwiftModules.swift */ = {isa = PBXFileReference; lastKnownFileType = sourcecode.swift; path = SwiftModules.swift; sourceTree = "<group>"; };
		AA6481AD3053FDD3B1A0EC22 /* Pods-Tetris_Example.debug.xcconfig */ = {isa = PBXFileReference; includeInIndex = 1; lastKnownFileType = text.xcconfig; name = "Pods-Tetris_Example.debug.xcconfig"; path = "Pods/Target Support Files/Pods-Tetris_Example/Pods-Tetris_Example.debug.xcconfig"; sourceTree = "<group>"; };
		B76960F99E00198E1065DD5F /* README.md */ = {isa = PBXFileReference; includeInIndex = 1; lastKnownFileType = net.daringfireball.markdown; name = README.md; path = ../README.md; sourceTree = "<group>"; };
		EBE8E90E4B3480B03DAB0720 /* Pods_Tetris_Example.framework */ = {isa = PBXFileReference; explicitFileType = wrapper.framework; includeInIndex = 0; path = Pods_Tetris_Example.framework; sourceTree = BUILT_PRODUCTS_DIR; };
		F24EDF8B28CE9088BC8FE25B /* Pods-Tetris_Tests.debug.xcconfig */ = {isa = PBXFileReference; includeInIndex = 1; lastKnownFileType = text.xcconfig; name = "Pods-Tetris_Tests.debug.xcconfig"; path = "Pods/Target Support Files/Pods-Tetris_Tests/Pods-Tetris_Tests.debug.xcconfig"; sourceTree = "<group>"; };
/* End PBXFileReference section */

/* Begin PBXFrameworksBuildPhase section */
		6003F587195388D20070C39A /* Frameworks */ = {
			isa = PBXFrameworksBuildPhase;
			buildActionMask = 2147483647;
			files = (
				6003F590195388D20070C39A /* CoreGraphics.framework in Frameworks */,
				6003F592195388D20070C39A /* UIKit.framework in Frameworks */,
				6003F58E195388D20070C39A /* Foundation.framework in Frameworks */,
				FA66EE06F52ABEE9E23FD60F /* Pods_Tetris_Example.framework in Frameworks */,
			);
			runOnlyForDeploymentPostprocessing = 0;
		};
		6003F5AB195388D20070C39A /* Frameworks */ = {
			isa = PBXFrameworksBuildPhase;
			buildActionMask = 2147483647;
			files = (
				6003F5B0195388D20070C39A /* XCTest.framework in Frameworks */,
				6003F5B2195388D20070C39A /* UIKit.framework in Frameworks */,
				6003F5B1195388D20070C39A /* Foundation.framework in Frameworks */,
				0D7B659C966019CC902AA22F /* Pods_Tetris_Tests.framework in Frameworks */,
			);
			runOnlyForDeploymentPostprocessing = 0;
		};
/* End PBXFrameworksBuildPhase section */

/* Begin PBXGroup section */
		09BE3F4D2163B41400127372 /* Demo6 */ = {
			isa = PBXGroup;
			children = (
				09BE3F4E2163B41400127372 /* RIDemo6ViewController.m */,
				09BE3F4F2163B41400127372 /* RIDemo6ViewController.h */,
				09BE3F512163B4E200127372 /* Demo6VC.swift */,
			);
			path = Demo6;
			sourceTree = "<group>";
		};
		34BD00EE50B3C3A8A1D9FA3A /* Pods */ = {
			isa = PBXGroup;
			children = (
				AA6481AD3053FDD3B1A0EC22 /* Pods-Tetris_Example.debug.xcconfig */,
				895F8E6333EC1BBC4E486319 /* Pods-Tetris_Example.release.xcconfig */,
				F24EDF8B28CE9088BC8FE25B /* Pods-Tetris_Tests.debug.xcconfig */,
				010242AB6224A33963B53CA1 /* Pods-Tetris_Tests.release.xcconfig */,
			);
			name = Pods;
			sourceTree = "<group>";
		};
		6003F581195388D10070C39A = {
			isa = PBXGroup;
			children = (
				60FF7A9C1954A5C5007DD14C /* Podspec Metadata */,
				6003F593195388D20070C39A /* Example for Tetris */,
				6003F5B5195388D20070C39A /* Tests */,
				6003F58C195388D20070C39A /* Frameworks */,
				6003F58B195388D20070C39A /* Products */,
				34BD00EE50B3C3A8A1D9FA3A /* Pods */,
			);
			sourceTree = "<group>";
		};
		6003F58B195388D20070C39A /* Products */ = {
			isa = PBXGroup;
			children = (
				6003F58A195388D20070C39A /* Tetris_Example.app */,
				6003F5AE195388D20070C39A /* Tetris_Tests.xctest */,
			);
			name = Products;
			sourceTree = "<group>";
		};
		6003F58C195388D20070C39A /* Frameworks */ = {
			isa = PBXGroup;
			children = (
				6003F58D195388D20070C39A /* Foundation.framework */,
				6003F58F195388D20070C39A /* CoreGraphics.framework */,
				6003F591195388D20070C39A /* UIKit.framework */,
				6003F5AF195388D20070C39A /* XCTest.framework */,
				EBE8E90E4B3480B03DAB0720 /* Pods_Tetris_Example.framework */,
				5E67BEEDC3A7CB48A93D2A6F /* Pods_Tetris_Tests.framework */,
			);
			name = Frameworks;
			sourceTree = "<group>";
		};
		6003F593195388D20070C39A /* Example for Tetris */ = {
			isa = PBXGroup;
			children = (
				A81A1F9F21622234008E6A57 /* Demo16 */,
				A84C73592161B5A200457D69 /* Demo13 */,
				A84C73552161B55D00457D69 /* Demo12 */,
				A84C73512161B42800457D69 /* Demo11 */,
				A84C734D2161B20900457D69 /* Demo10 */,
				A84C73492161AF4C00457D69 /* Demo9 */,
				A84C73412161243C00457D69 /* Demo8 */,
				A84C733D2161217F00457D69 /* Demo7 */,
				09BE3F4D2163B41400127372 /* Demo6 */,
				A84C733521610C3600457D69 /* Demo5 */,
				A84C733121610C0800457D69 /* Demo4 */,
				A84C732D21610B8200457D69 /* Demo3 */,
				A84C7325216106FA00457D69 /* Demo2 */,
				A84C7321216105EC00457D69 /* Demo1 */,
				A84C730C2160F8E100457D69 /* Menu */,
				A84C73082160F85F00457D69 /* Base */,
				6003F59C195388D20070C39A /* TSAppDelegate.h */,
				6003F59D195388D20070C39A /* TSAppDelegate.m */,
				873B8AEA1B1F5CCA007FD442 /* Main.storyboard */,
				6003F5A5195388D20070C39A /* TSViewController.h */,
				6003F5A6195388D20070C39A /* TSViewController.m */,
				71719F9D1E33DC2100824A3D /* LaunchScreen.storyboard */,
				6003F5A8195388D20070C39A /* Images.xcassets */,
				6003F594195388D20070C39A /* Supporting Files */,
				093F5D16215F1E68008245C9 /* TSDemoModules.h */,
				093F5D17215F1E68008245C9 /* TSDemoModules.m */,
				A84C736B2161C4F900457D69 /* Tetris_Example-Bridging-Header.h */,
				A8ABFC1E2162021700D8D238 /* SwiftModules.swift */,
			);
			name = "Example for Tetris";
			path = Tetris;
			sourceTree = "<group>";
		};
		6003F594195388D20070C39A /* Supporting Files */ = {
			isa = PBXGroup;
			children = (
				6003F595195388D20070C39A /* Tetris-Info.plist */,
				6003F596195388D20070C39A /* InfoPlist.strings */,
				6003F599195388D20070C39A /* main.m */,
				6003F59B195388D20070C39A /* Tetris-Prefix.pch */,
			);
			name = "Supporting Files";
			sourceTree = "<group>";
		};
		6003F5B5195388D20070C39A /* Tests */ = {
			isa = PBXGroup;
			children = (
				6003F5B6195388D20070C39A /* Supporting Files */,
				09920BA6215DD793001EA870 /* TSTreeTests.m */,
				096A3425215E08C300EB3845 /* TSServiceTests.m */,
				093F5D19215F2361008245C9 /* TSModuleTests.m */,
				09512CC8215F9583005BC650 /* TSTriggerTests.m */,
				092B30792160A32E00016B71 /* TSStreamTests.m */,
			);
			path = Tests;
			sourceTree = "<group>";
		};
		6003F5B6195388D20070C39A /* Supporting Files */ = {
			isa = PBXGroup;
			children = (
				6003F5B7195388D20070C39A /* Tests-Info.plist */,
				6003F5B8195388D20070C39A /* InfoPlist.strings */,
				606FC2411953D9B200FFA9A0 /* Tests-Prefix.pch */,
			);
			name = "Supporting Files";
			sourceTree = "<group>";
		};
		60FF7A9C1954A5C5007DD14C /* Podspec Metadata */ = {
			isa = PBXGroup;
			children = (
				8439D5B6D7D9A83944F93D6A /* Tetris.podspec */,
				B76960F99E00198E1065DD5F /* README.md */,
				42FD8BF3BB03BA4F821F885F /* LICENSE */,
			);
			name = "Podspec Metadata";
			sourceTree = "<group>";
		};
		A81A1F9F21622234008E6A57 /* Demo16 */ = {
			isa = PBXGroup;
			children = (
				A81A1FA021622251008E6A57 /* Demo16VC.swift */,
			);
			path = Demo16;
			sourceTree = "<group>";
		};
		A84C73082160F85F00457D69 /* Base */ = {
			isa = PBXGroup;
			children = (
				A84C730A2160F85F00457D69 /* RIBaseViewController.h */,
				A84C73092160F85F00457D69 /* RIBaseViewController.m */,
				A84C73742161D28200457D69 /* BaseVC.swift */,
			);
			path = Base;
			sourceTree = "<group>";
		};
		A84C730C2160F8E100457D69 /* Menu */ = {
			isa = PBXGroup;
			children = (
				A84C730D2160F8E100457D69 /* RIDemoMenuViewController.h */,
				A84C730E2160F8E100457D69 /* RIDemoMenuViewController.m */,
				A84C73762161E66D00457D69 /* MenuVC.swift */,
			);
			path = Menu;
			sourceTree = "<group>";
		};
		A84C7321216105EC00457D69 /* Demo1 */ = {
			isa = PBXGroup;
			children = (
				A84C7322216105EC00457D69 /* RIDemo1ViewController.m */,
				A84C7323216105EC00457D69 /* RIDemo1ViewController.h */,
				A84C736E2161C51000457D69 /* Demo1VC.swift */,
			);
			path = Demo1;
			sourceTree = "<group>";
		};
		A84C7325216106FA00457D69 /* Demo2 */ = {
			isa = PBXGroup;
			children = (
				A84C7326216106FA00457D69 /* RIDemo2ViewController.h */,
				A84C7327216106FA00457D69 /* RIDemo2ViewController.m */,
				A84C73782161EAA400457D69 /* Demo2VC.swift */,
			);
			path = Demo2;
			sourceTree = "<group>";
		};
		A84C732D21610B8200457D69 /* Demo3 */ = {
			isa = PBXGroup;
			children = (
				A84C732E21610B8200457D69 /* RIDemo3ViewController.h */,
				A84C732F21610B8200457D69 /* RIDemo3ViewController.m */,
				A84C737A2161EC6100457D69 /* Demo3VC.swift */,
			);
			path = Demo3;
			sourceTree = "<group>";
		};
		A84C733121610C0800457D69 /* Demo4 */ = {
			isa = PBXGroup;
			children = (
				A84C733221610C0800457D69 /* RIDemo4ViewController.h */,
				A84C733321610C0800457D69 /* RIDemo4ViewController.m */,
				A81EC7742161F8F50083FA79 /* Demo4VC.swift */,
			);
			path = Demo4;
			sourceTree = "<group>";
		};
		A84C733521610C3600457D69 /* Demo5 */ = {
			isa = PBXGroup;
			children = (
				A84C733621610C3600457D69 /* RIDemo5ViewController.h */,
				A84C733721610C3600457D69 /* RIDemo5ViewController.m */,
				A81EC7762161FA0B0083FA79 /* Demo5VC.swift */,
			);
			path = Demo5;
			sourceTree = "<group>";
		};
		A84C733D2161217F00457D69 /* Demo7 */ = {
			isa = PBXGroup;
			children = (
				A84C733E2161217F00457D69 /* RIDemo7ViewController.m */,
				A84C733F2161217F00457D69 /* RIDemo7ViewController.h */,
			);
			path = Demo7;
			sourceTree = "<group>";
		};
		A84C73412161243C00457D69 /* Demo8 */ = {
			isa = PBXGroup;
			children = (
				A84C73422161243C00457D69 /* RIDemo8ViewController.m */,
				A84C73432161243C00457D69 /* RIDemo8ViewController.h */,
			);
			path = Demo8;
			sourceTree = "<group>";
		};
		A84C73492161AF4C00457D69 /* Demo9 */ = {
			isa = PBXGroup;
			children = (
				A84C734A2161AF4C00457D69 /* RIDemo9ViewController.m */,
				A84C734B2161AF4C00457D69 /* RIDemo9ViewController.h */,
			);
			path = Demo9;
			sourceTree = "<group>";
		};
		A84C734D2161B20900457D69 /* Demo10 */ = {
			isa = PBXGroup;
			children = (
				A84C734E2161B20900457D69 /* RIDemo10ViewController.m */,
				A84C734F2161B20900457D69 /* RIDemo10ViewController.h */,
			);
			path = Demo10;
			sourceTree = "<group>";
		};
		A84C73512161B42800457D69 /* Demo11 */ = {
			isa = PBXGroup;
			children = (
				A84C73522161B42800457D69 /* RIDemo11ViewController.m */,
				A84C73532161B42800457D69 /* RIDemo11ViewController.h */,
			);
			path = Demo11;
			sourceTree = "<group>";
		};
		A84C73552161B55D00457D69 /* Demo12 */ = {
			isa = PBXGroup;
			children = (
				A84C73562161B55D00457D69 /* RIDemo12ViewController.h */,
				A84C73572161B55D00457D69 /* RIDemo12ViewController.m */,
			);
			path = Demo12;
			sourceTree = "<group>";
		};
		A84C73592161B5A200457D69 /* Demo13 */ = {
			isa = PBXGroup;
			children = (
				A84C735A2161B5A200457D69 /* MyPushPop.h */,
				A84C735E2161B5A200457D69 /* MyPushPop.m */,
				A84C735B2161B5A200457D69 /* RIDemo13ViewController.h */,
				A84C735D2161B5A200457D69 /* RIDemo13ViewController.m */,
				A84C735C2161B5A200457D69 /* MyPresentDismiss.h */,
				A84C735F2161B5A200457D69 /* MyPresentDismiss.m */,
			);
			path = Demo13;
			sourceTree = "<group>";
		};
/* End PBXGroup section */

/* Begin PBXNativeTarget section */
		6003F589195388D20070C39A /* Tetris_Example */ = {
			isa = PBXNativeTarget;
			buildConfigurationList = 6003F5BF195388D20070C39A /* Build configuration list for PBXNativeTarget "Tetris_Example" */;
			buildPhases = (
				6977E6AE02E460A3C299E564 /* [CP] Check Pods Manifest.lock */,
				6003F586195388D20070C39A /* Sources */,
				6003F587195388D20070C39A /* Frameworks */,
				6003F588195388D20070C39A /* Resources */,
			);
			buildRules = (
			);
			dependencies = (
			);
			name = Tetris_Example;
			productName = Tetris;
			productReference = 6003F58A195388D20070C39A /* Tetris_Example.app */;
			productType = "com.apple.product-type.application";
		};
		6003F5AD195388D20070C39A /* Tetris_Tests */ = {
			isa = PBXNativeTarget;
			buildConfigurationList = 6003F5C2195388D20070C39A /* Build configuration list for PBXNativeTarget "Tetris_Tests" */;
			buildPhases = (
				479759653C943764B771EA57 /* [CP] Check Pods Manifest.lock */,
				6003F5AA195388D20070C39A /* Sources */,
				6003F5AB195388D20070C39A /* Frameworks */,
				6003F5AC195388D20070C39A /* Resources */,
			);
			buildRules = (
			);
			dependencies = (
				6003F5B4195388D20070C39A /* PBXTargetDependency */,
			);
			name = Tetris_Tests;
			productName = TetrisTests;
			productReference = 6003F5AE195388D20070C39A /* Tetris_Tests.xctest */;
			productType = "com.apple.product-type.bundle.unit-test";
		};
/* End PBXNativeTarget section */

/* Begin PBXProject section */
		6003F582195388D10070C39A /* Project object */ = {
			isa = PBXProject;
			attributes = {
				CLASSPREFIX = TS;
				LastUpgradeCheck = 0720;
				ORGANIZATIONNAME = wangjunren;
				TargetAttributes = {
					6003F589195388D20070C39A = {
						LastSwiftMigration = 1000;
					};
					6003F5AD195388D20070C39A = {
						TestTargetID = 6003F589195388D20070C39A;
					};
				};
			};
			buildConfigurationList = 6003F585195388D10070C39A /* Build configuration list for PBXProject "Tetris" */;
			compatibilityVersion = "Xcode 3.2";
			developmentRegion = English;
			hasScannedForEncodings = 0;
			knownRegions = (
				en,
				Base,
			);
			mainGroup = 6003F581195388D10070C39A;
			productRefGroup = 6003F58B195388D20070C39A /* Products */;
			projectDirPath = "";
			projectRoot = "";
			targets = (
				6003F589195388D20070C39A /* Tetris_Example */,
				6003F5AD195388D20070C39A /* Tetris_Tests */,
			);
		};
/* End PBXProject section */

/* Begin PBXResourcesBuildPhase section */
		6003F588195388D20070C39A /* Resources */ = {
			isa = PBXResourcesBuildPhase;
			buildActionMask = 2147483647;
			files = (
				873B8AEB1B1F5CCA007FD442 /* Main.storyboard in Resources */,
				71719F9F1E33DC2100824A3D /* LaunchScreen.storyboard in Resources */,
				6003F5A9195388D20070C39A /* Images.xcassets in Resources */,
				6003F598195388D20070C39A /* InfoPlist.strings in Resources */,
			);
			runOnlyForDeploymentPostprocessing = 0;
		};
		6003F5AC195388D20070C39A /* Resources */ = {
			isa = PBXResourcesBuildPhase;
			buildActionMask = 2147483647;
			files = (
				6003F5BA195388D20070C39A /* InfoPlist.strings in Resources */,
			);
			runOnlyForDeploymentPostprocessing = 0;
		};
/* End PBXResourcesBuildPhase section */

/* Begin PBXShellScriptBuildPhase section */
		479759653C943764B771EA57 /* [CP] Check Pods Manifest.lock */ = {
			isa = PBXShellScriptBuildPhase;
			buildActionMask = 2147483647;
			files = (
			);
			inputPaths = (
				"${PODS_PODFILE_DIR_PATH}/Podfile.lock",
				"${PODS_ROOT}/Manifest.lock",
			);
			name = "[CP] Check Pods Manifest.lock";
			outputPaths = (
				"$(DERIVED_FILE_DIR)/Pods-Tetris_Tests-checkManifestLockResult.txt",
			);
			runOnlyForDeploymentPostprocessing = 0;
			shellPath = /bin/sh;
			shellScript = "diff \"${PODS_PODFILE_DIR_PATH}/Podfile.lock\" \"${PODS_ROOT}/Manifest.lock\" > /dev/null\nif [ $? != 0 ] ; then\n    # print error to STDERR\n    echo \"error: The sandbox is not in sync with the Podfile.lock. Run 'pod install' or update your CocoaPods installation.\" >&2\n    exit 1\nfi\n# This output is used by Xcode 'outputs' to avoid re-running this script phase.\necho \"SUCCESS\" > \"${SCRIPT_OUTPUT_FILE_0}\"\n";
			showEnvVarsInLog = 0;
		};
		6977E6AE02E460A3C299E564 /* [CP] Check Pods Manifest.lock */ = {
			isa = PBXShellScriptBuildPhase;
			buildActionMask = 2147483647;
			files = (
			);
			inputPaths = (
				"${PODS_PODFILE_DIR_PATH}/Podfile.lock",
				"${PODS_ROOT}/Manifest.lock",
			);
			name = "[CP] Check Pods Manifest.lock";
			outputPaths = (
				"$(DERIVED_FILE_DIR)/Pods-Tetris_Example-checkManifestLockResult.txt",
			);
			runOnlyForDeploymentPostprocessing = 0;
			shellPath = /bin/sh;
			shellScript = "diff \"${PODS_PODFILE_DIR_PATH}/Podfile.lock\" \"${PODS_ROOT}/Manifest.lock\" > /dev/null\nif [ $? != 0 ] ; then\n    # print error to STDERR\n    echo \"error: The sandbox is not in sync with the Podfile.lock. Run 'pod install' or update your CocoaPods installation.\" >&2\n    exit 1\nfi\n# This output is used by Xcode 'outputs' to avoid re-running this script phase.\necho \"SUCCESS\" > \"${SCRIPT_OUTPUT_FILE_0}\"\n";
			showEnvVarsInLog = 0;
		};
/* End PBXShellScriptBuildPhase section */

/* Begin PBXSourcesBuildPhase section */
		6003F586195388D20070C39A /* Sources */ = {
			isa = PBXSourcesBuildPhase;
			buildActionMask = 2147483647;
			files = (
				6003F59E195388D20070C39A /* TSAppDelegate.m in Sources */,
				A84C733821610C3600457D69 /* RIDemo5ViewController.m in Sources */,
				A84C73542161B42800457D69 /* RIDemo11ViewController.m in Sources */,
				A84C733021610B8200457D69 /* RIDemo3ViewController.m in Sources */,
				A84C73502161B20A00457D69 /* RIDemo10ViewController.m in Sources */,
				A84C737B2161EC6100457D69 /* Demo3VC.swift in Sources */,
				A84C73582161B55D00457D69 /* RIDemo12ViewController.m in Sources */,
				09BE3F502163B41400127372 /* RIDemo6ViewController.m in Sources */,
				A84C730B2160F85F00457D69 /* RIBaseViewController.m in Sources */,
				09BE3F522163B4E200127372 /* Demo6VC.swift in Sources */,
				A84C733421610C0800457D69 /* RIDemo4ViewController.m in Sources */,
				A84C73792161EAA400457D69 /* Demo2VC.swift in Sources */,
				A84C73752161D28200457D69 /* BaseVC.swift in Sources */,
				6003F5A7195388D20070C39A /* TSViewController.m in Sources */,
				A84C73622161B5A300457D69 /* MyPresentDismiss.m in Sources */,
				A84C7328216106FB00457D69 /* RIDemo2ViewController.m in Sources */,
				A81A1FA121622251008E6A57 /* Demo16VC.swift in Sources */,
				A84C730F2160F8E100457D69 /* RIDemoMenuViewController.m in Sources */,
				A84C73402161217F00457D69 /* RIDemo7ViewController.m in Sources */,
				A84C7324216105EC00457D69 /* RIDemo1ViewController.m in Sources */,
				A8ABFC1F2162021700D8D238 /* SwiftModules.swift in Sources */,
				6003F59A195388D20070C39A /* main.m in Sources */,
				A81EC7772161FA0B0083FA79 /* Demo5VC.swift in Sources */,
				093F5D18215F1E68008245C9 /* TSDemoModules.m in Sources */,
				A81EC7752161F8F50083FA79 /* Demo4VC.swift in Sources */,
				A84C73772161E66D00457D69 /* MenuVC.swift in Sources */,
				A84C73602161B5A300457D69 /* RIDemo13ViewController.m in Sources */,
				A84C73442161243C00457D69 /* RIDemo8ViewController.m in Sources */,
				A84C734C2161AF4C00457D69 /* RIDemo9ViewController.m in Sources */,
				A84C73612161B5A300457D69 /* MyPushPop.m in Sources */,
				A84C736F2161C51000457D69 /* Demo1VC.swift in Sources */,
			);
			runOnlyForDeploymentPostprocessing = 0;
		};
		6003F5AA195388D20070C39A /* Sources */ = {
			isa = PBXSourcesBuildPhase;
			buildActionMask = 2147483647;
			files = (
				096A3426215E08C300EB3845 /* TSServiceTests.m in Sources */,
				09920BA7215DD793001EA870 /* TSTreeTests.m in Sources */,
				093F5D1A215F2361008245C9 /* TSModuleTests.m in Sources */,
				09512CC9215F9583005BC650 /* TSTriggerTests.m in Sources */,
				092B307A2160A32E00016B71 /* TSStreamTests.m in Sources */,
			);
			runOnlyForDeploymentPostprocessing = 0;
		};
/* End PBXSourcesBuildPhase section */

/* Begin PBXTargetDependency section */
		6003F5B4195388D20070C39A /* PBXTargetDependency */ = {
			isa = PBXTargetDependency;
			target = 6003F589195388D20070C39A /* Tetris_Example */;
			targetProxy = 6003F5B3195388D20070C39A /* PBXContainerItemProxy */;
		};
/* End PBXTargetDependency section */

/* Begin PBXVariantGroup section */
		6003F596195388D20070C39A /* InfoPlist.strings */ = {
			isa = PBXVariantGroup;
			children = (
				6003F597195388D20070C39A /* en */,
			);
			name = InfoPlist.strings;
			sourceTree = "<group>";
		};
		6003F5B8195388D20070C39A /* InfoPlist.strings */ = {
			isa = PBXVariantGroup;
			children = (
				6003F5B9195388D20070C39A /* en */,
			);
			name = InfoPlist.strings;
			sourceTree = "<group>";
		};
		71719F9D1E33DC2100824A3D /* LaunchScreen.storyboard */ = {
			isa = PBXVariantGroup;
			children = (
				71719F9E1E33DC2100824A3D /* Base */,
			);
			name = LaunchScreen.storyboard;
			sourceTree = "<group>";
		};
/* End PBXVariantGroup section */

/* Begin XCBuildConfiguration section */
		6003F5BD195388D20070C39A /* Debug */ = {
			isa = XCBuildConfiguration;
			buildSettings = {
				ALWAYS_SEARCH_USER_PATHS = NO;
				CLANG_CXX_LANGUAGE_STANDARD = "gnu++0x";
				CLANG_CXX_LIBRARY = "libc++";
				CLANG_ENABLE_MODULES = YES;
				CLANG_ENABLE_OBJC_ARC = YES;
				CLANG_WARN_BOOL_CONVERSION = YES;
				CLANG_WARN_CONSTANT_CONVERSION = YES;
				CLANG_WARN_DIRECT_OBJC_ISA_USAGE = YES_ERROR;
				CLANG_WARN_EMPTY_BODY = YES;
				CLANG_WARN_ENUM_CONVERSION = YES;
				CLANG_WARN_INT_CONVERSION = YES;
				CLANG_WARN_OBJC_ROOT_CLASS = YES_ERROR;
				CLANG_WARN__DUPLICATE_METHOD_MATCH = YES;
				"CODE_SIGN_IDENTITY[sdk=iphoneos*]" = "iPhone Developer";
				COPY_PHASE_STRIP = NO;
				ENABLE_TESTABILITY = YES;
				GCC_C_LANGUAGE_STANDARD = gnu99;
				GCC_DYNAMIC_NO_PIC = NO;
				GCC_OPTIMIZATION_LEVEL = 0;
				GCC_PREPROCESSOR_DEFINITIONS = (
					"DEBUG=1",
					"$(inherited)",
				);
				GCC_SYMBOLS_PRIVATE_EXTERN = NO;
				GCC_WARN_64_TO_32_BIT_CONVERSION = YES;
				GCC_WARN_ABOUT_RETURN_TYPE = YES_ERROR;
				GCC_WARN_UNDECLARED_SELECTOR = YES;
				GCC_WARN_UNINITIALIZED_AUTOS = YES_AGGRESSIVE;
				GCC_WARN_UNUSED_FUNCTION = YES;
				GCC_WARN_UNUSED_VARIABLE = YES;
				IPHONEOS_DEPLOYMENT_TARGET = 9.3;
				ONLY_ACTIVE_ARCH = YES;
				SDKROOT = iphoneos;
				TARGETED_DEVICE_FAMILY = "1,2";
			};
			name = Debug;
		};
		6003F5BE195388D20070C39A /* Release */ = {
			isa = XCBuildConfiguration;
			buildSettings = {
				ALWAYS_SEARCH_USER_PATHS = NO;
				CLANG_CXX_LANGUAGE_STANDARD = "gnu++0x";
				CLANG_CXX_LIBRARY = "libc++";
				CLANG_ENABLE_MODULES = YES;
				CLANG_ENABLE_OBJC_ARC = YES;
				CLANG_WARN_BOOL_CONVERSION = YES;
				CLANG_WARN_CONSTANT_CONVERSION = YES;
				CLANG_WARN_DIRECT_OBJC_ISA_USAGE = YES_ERROR;
				CLANG_WARN_EMPTY_BODY = YES;
				CLANG_WARN_ENUM_CONVERSION = YES;
				CLANG_WARN_INT_CONVERSION = YES;
				CLANG_WARN_OBJC_ROOT_CLASS = YES_ERROR;
				CLANG_WARN__DUPLICATE_METHOD_MATCH = YES;
				"CODE_SIGN_IDENTITY[sdk=iphoneos*]" = "iPhone Developer";
				COPY_PHASE_STRIP = YES;
				ENABLE_NS_ASSERTIONS = NO;
				GCC_C_LANGUAGE_STANDARD = gnu99;
				GCC_WARN_64_TO_32_BIT_CONVERSION = YES;
				GCC_WARN_ABOUT_RETURN_TYPE = YES_ERROR;
				GCC_WARN_UNDECLARED_SELECTOR = YES;
				GCC_WARN_UNINITIALIZED_AUTOS = YES_AGGRESSIVE;
				GCC_WARN_UNUSED_FUNCTION = YES;
				GCC_WARN_UNUSED_VARIABLE = YES;
				IPHONEOS_DEPLOYMENT_TARGET = 9.3;
				SDKROOT = iphoneos;
				TARGETED_DEVICE_FAMILY = "1,2";
				VALIDATE_PRODUCT = YES;
			};
			name = Release;
		};
		6003F5C0195388D20070C39A /* Debug */ = {
			isa = XCBuildConfiguration;
			baseConfigurationReference = AA6481AD3053FDD3B1A0EC22 /* Pods-Tetris_Example.debug.xcconfig */;
			buildSettings = {
				ASSETCATALOG_COMPILER_APPICON_NAME = AppIcon;
				CLANG_ENABLE_MODULES = YES;
				GCC_PRECOMPILE_PREFIX_HEADER = YES;
				GCC_PREFIX_HEADER = "Tetris/Tetris-Prefix.pch";
				INFOPLIST_FILE = "Tetris/Tetris-Info.plist";
				LD_RUNPATH_SEARCH_PATHS = "$(inherited) @executable_path/Frameworks";
				MODULE_NAME = ExampleApp;
				OTHER_LDFLAGS = (
					"$(inherited)",
					"-framework",
					"\"Tetris\"",
					"-ObjC",
				);
				PRODUCT_BUNDLE_IDENTIFIER = "org.cocoapods.demo.${PRODUCT_NAME:rfc1034identifier}";
				PRODUCT_NAME = "$(TARGET_NAME)";
				SWIFT_OBJC_BRIDGING_HEADER = "Tetris/Tetris_Example-Bridging-Header.h";
				SWIFT_OPTIMIZATION_LEVEL = "-Onone";
				SWIFT_VERSION = 4.2;
				WRAPPER_EXTENSION = app;
			};
			name = Debug;
		};
		6003F5C1195388D20070C39A /* Release */ = {
			isa = XCBuildConfiguration;
			baseConfigurationReference = 895F8E6333EC1BBC4E486319 /* Pods-Tetris_Example.release.xcconfig */;
			buildSettings = {
				ASSETCATALOG_COMPILER_APPICON_NAME = AppIcon;
				CLANG_ENABLE_MODULES = YES;
				GCC_PRECOMPILE_PREFIX_HEADER = YES;
				GCC_PREFIX_HEADER = "Tetris/Tetris-Prefix.pch";
				INFOPLIST_FILE = "Tetris/Tetris-Info.plist";
				LD_RUNPATH_SEARCH_PATHS = "$(inherited) @executable_path/Frameworks";
				MODULE_NAME = ExampleApp;
				OTHER_LDFLAGS = (
					"$(inherited)",
					"-framework",
					"\"Tetris\"",
					"-ObjC",
				);
				PRODUCT_BUNDLE_IDENTIFIER = "org.cocoapods.demo.${PRODUCT_NAME:rfc1034identifier}";
				PRODUCT_NAME = "$(TARGET_NAME)";
				SWIFT_OBJC_BRIDGING_HEADER = "Tetris/Tetris_Example-Bridging-Header.h";
				SWIFT_VERSION = 4.2;
				WRAPPER_EXTENSION = app;
			};
			name = Release;
		};
		6003F5C3195388D20070C39A /* Debug */ = {
			isa = XCBuildConfiguration;
			baseConfigurationReference = F24EDF8B28CE9088BC8FE25B /* Pods-Tetris_Tests.debug.xcconfig */;
			buildSettings = {
				ALWAYS_EMBED_SWIFT_STANDARD_LIBRARIES = YES;
				BUNDLE_LOADER = "$(TEST_HOST)";
				FRAMEWORK_SEARCH_PATHS = (
					"$(SDKROOT)/Developer/Library/Frameworks",
					"$(inherited)",
					"$(DEVELOPER_FRAMEWORKS_DIR)",
				);
				GCC_PRECOMPILE_PREFIX_HEADER = YES;
				GCC_PREFIX_HEADER = "Tests/Tests-Prefix.pch";
				GCC_PREPROCESSOR_DEFINITIONS = (
					"DEBUG=1",
					"$(inherited)",
				);
				INFOPLIST_FILE = "Tests/Tests-Info.plist";
				PRODUCT_BUNDLE_IDENTIFIER = "org.cocoapods.demo.${PRODUCT_NAME:rfc1034identifier}";
				PRODUCT_NAME = "$(TARGET_NAME)";
				TEST_HOST = "$(BUILT_PRODUCTS_DIR)/Tetris_Example.app/Tetris_Example";
				WRAPPER_EXTENSION = xctest;
			};
			name = Debug;
		};
		6003F5C4195388D20070C39A /* Release */ = {
			isa = XCBuildConfiguration;
			baseConfigurationReference = 010242AB6224A33963B53CA1 /* Pods-Tetris_Tests.release.xcconfig */;
			buildSettings = {
				ALWAYS_EMBED_SWIFT_STANDARD_LIBRARIES = YES;
				BUNDLE_LOADER = "$(TEST_HOST)";
				FRAMEWORK_SEARCH_PATHS = (
					"$(SDKROOT)/Developer/Library/Frameworks",
					"$(inherited)",
					"$(DEVELOPER_FRAMEWORKS_DIR)",
				);
				GCC_PRECOMPILE_PREFIX_HEADER = YES;
				GCC_PREFIX_HEADER = "Tests/Tests-Prefix.pch";
				INFOPLIST_FILE = "Tests/Tests-Info.plist";
				PRODUCT_BUNDLE_IDENTIFIER = "org.cocoapods.demo.${PRODUCT_NAME:rfc1034identifier}";
				PRODUCT_NAME = "$(TARGET_NAME)";
				TEST_HOST = "$(BUILT_PRODUCTS_DIR)/Tetris_Example.app/Tetris_Example";
				WRAPPER_EXTENSION = xctest;
			};
			name = Release;
		};
/* End XCBuildConfiguration section */

/* Begin XCConfigurationList section */
		6003F585195388D10070C39A /* Build configuration list for PBXProject "Tetris" */ = {
			isa = XCConfigurationList;
			buildConfigurations = (
				6003F5BD195388D20070C39A /* Debug */,
				6003F5BE195388D20070C39A /* Release */,
			);
			defaultConfigurationIsVisible = 0;
			defaultConfigurationName = Release;
		};
		6003F5BF195388D20070C39A /* Build configuration list for PBXNativeTarget "Tetris_Example" */ = {
			isa = XCConfigurationList;
			buildConfigurations = (
				6003F5C0195388D20070C39A /* Debug */,
				6003F5C1195388D20070C39A /* Release */,
			);
			defaultConfigurationIsVisible = 0;
			defaultConfigurationName = Release;
		};
		6003F5C2195388D20070C39A /* Build configuration list for PBXNativeTarget "Tetris_Tests" */ = {
			isa = XCConfigurationList;
			buildConfigurations = (
				6003F5C3195388D20070C39A /* Debug */,
				6003F5C4195388D20070C39A /* Release */,
			);
			defaultConfigurationIsVisible = 0;
			defaultConfigurationName = Release;
		};
/* End XCConfigurationList section */
	};
	rootObject = 6003F582195388D10070C39A /* Project object */;
}
